
Microsoft Visual Studio Solution File, Format Version 12.00
# Visual Studio Version 17
VisualStudioVersion = 17.9.34607.119
MinimumVisualStudioVersion = 10.0.40219.1
Project("{C9674DCB-5085-4A16-B785-4C70DD1589BD}") = "Integration Services Project2", "Integration Services Project2.dtproj", "{A571AA5E-F291-4221-AD65-353109ED8ACD}"
EndProject
Global
	GlobalSection(SolutionConfigurationPlatforms) = preSolution
		Development|Default = Development|Default
	EndGlobalSection
	GlobalSection(ProjectConfigurationPlatforms) = postSolution
		{A571AA5E-F291-4221-AD65-353109ED8ACD}.Development|Default.ActiveCfg = Development
		{A571AA5E-F291-4221-AD65-353109ED8ACD}.Development|Default.Build.0 = Development
	EndGlobalSection
	GlobalSection(SolutionProperties) = preSolution
		HideSolutionNode = FALSE
	EndGlobalSection
	GlobalSection(ExtensibilityGlobals) = postSolution
		SolutionGuid = {80E2D1B7-AF85-4B78-9544-B1867F32A824}
	EndGlobalSection
EndGlobal
